
Microsoft Visual Studio Solution File, Format Version 12.00
# Visual Studio Version 16
VisualStudioVersion = 16.0.30804.86
MinimumVisualStudioVersion = 10.0.40219.1
Project("{9A19103F-16F7-4668-BE54-9A1E7A4F7556}") = "HelseId.JwkGenerator", "HelseId.JwkGenerator.csproj", "{EF8B0A17-D149-4181-B5CB-8C8474BCDF41}"
EndProject
Global
	GlobalSection(SolutionConfigurationPlatforms) = preSolution
		Debug|Any CPU = Debug|Any CPU
		Release|Any CPU = Release|Any CPU
	EndGlobalSection
	GlobalSection(ProjectConfigurationPlatforms) = postSolution
		{EF8B0A17-D149-4181-B5CB-8C8474BCDF41}.Debug|Any CPU.ActiveCfg = Debug|Any CPU
		{EF8B0A17-D149-4181-B5CB-8C8474BCDF41}.Debug|Any CPU.Build.0 = Debug|Any CPU
		{EF8B0A17-D149-4181-B5CB-8C8474BCDF41}.Release|Any CPU.ActiveCfg = Release|Any CPU
		{EF8B0A17-D149-4181-B5CB-8C8474BCDF41}.Release|Any CPU.Build.0 = Release|Any CPU
	EndGlobalSection
	GlobalSection(SolutionProperties) = preSolution
		HideSolutionNode = FALSE
	EndGlobalSection
	GlobalSection(ExtensibilityGlobals) = postSolution
		SolutionGuid = {DF54198A-7D33-4418-8E13-7F23DD92F0A8}
	EndGlobalSection
EndGlobal
