
Microsoft Visual Studio Solution File, Format Version 12.00
# Visual Studio Version 17
VisualStudioVersion = 17.4.33205.214
MinimumVisualStudioVersion = 10.0.40219.1
Project("{9A19103F-16F7-4668-BE54-9A1E7A4F7556}") = "Blazor.WASM.BFF.Server", "Blazor.WASM.BFF\Server\Blazor.WASM.BFF.Server.csproj", "{18A195B6-3B1A-4A25-912E-E215482973B9}"
EndProject
Project("{9A19103F-16F7-4668-BE54-9A1E7A4F7556}") = "Blazor.WASM.BFF.Client", "Blazor.WASM.BFF\Client\Blazor.WASM.BFF.Client.csproj", "{B57DD7C7-C9E1-4AF8-B52C-4C35A7F22789}"
EndProject
Project("{9A19103F-16F7-4668-BE54-9A1E7A4F7556}") = "Blazor.WASM.BFF.Shared", "Blazor.WASM.BFF\Shared\Blazor.WASM.BFF.Shared.csproj", "{46C7D233-E79C-40A2-B3F4-334C428FC57A}"
EndProject
Global
	GlobalSection(SolutionConfigurationPlatforms) = preSolution
		Debug|Any CPU = Debug|Any CPU
		Release|Any CPU = Release|Any CPU
	EndGlobalSection
	GlobalSection(ProjectConfigurationPlatforms) = postSolution
		{18A195B6-3B1A-4A25-912E-E215482973B9}.Debug|Any CPU.ActiveCfg = Debug|Any CPU
		{18A195B6-3B1A-4A25-912E-E215482973B9}.Debug|Any CPU.Build.0 = Debug|Any CPU
		{18A195B6-3B1A-4A25-912E-E215482973B9}.Release|Any CPU.ActiveCfg = Release|Any CPU
		{18A195B6-3B1A-4A25-912E-E215482973B9}.Release|Any CPU.Build.0 = Release|Any CPU
		{B57DD7C7-C9E1-4AF8-B52C-4C35A7F22789}.Debug|Any CPU.ActiveCfg = Debug|Any CPU
		{B57DD7C7-C9E1-4AF8-B52C-4C35A7F22789}.Debug|Any CPU.Build.0 = Debug|Any CPU
		{B57DD7C7-C9E1-4AF8-B52C-4C35A7F22789}.Release|Any CPU.ActiveCfg = Release|Any CPU
		{B57DD7C7-C9E1-4AF8-B52C-4C35A7F22789}.Release|Any CPU.Build.0 = Release|Any CPU
		{46C7D233-E79C-40A2-B3F4-334C428FC57A}.Debug|Any CPU.ActiveCfg = Debug|Any CPU
		{46C7D233-E79C-40A2-B3F4-334C428FC57A}.Debug|Any CPU.Build.0 = Debug|Any CPU
		{46C7D233-E79C-40A2-B3F4-334C428FC57A}.Release|Any CPU.ActiveCfg = Release|Any CPU
		{46C7D233-E79C-40A2-B3F4-334C428FC57A}.Release|Any CPU.Build.0 = Release|Any CPU
	EndGlobalSection
	GlobalSection(SolutionProperties) = preSolution
		HideSolutionNode = FALSE
	EndGlobalSection
	GlobalSection(ExtensibilityGlobals) = postSolution
		SolutionGuid = {76F86699-DE49-40FC-9FF7-F59BDE8B9B74}
	EndGlobalSection
EndGlobal
