
Microsoft Visual Studio Solution File, Format Version 12.00
# Visual Studio Version 16
VisualStudioVersion = 16.0.29911.84
MinimumVisualStudioVersion = 10.0.40219.1
Project("{FAE04EC0-301F-11D3-BF4B-00C04F79EFBC}") = "HelseId.Samples.EnterpriseCertificate", "HelseId.Samples.EnterpriseCertificate\HelseId.Samples.EnterpriseCertificate.csproj", "{DF4D99F1-8B98-4B79-8B5D-A5EA5C737F58}"
EndProject
Global
	GlobalSection(SolutionConfigurationPlatforms) = preSolution
		Debug|Any CPU = Debug|Any CPU
		Release|Any CPU = Release|Any CPU
	EndGlobalSection
	GlobalSection(ProjectConfigurationPlatforms) = postSolution
		{DF4D99F1-8B98-4B79-8B5D-A5EA5C737F58}.Debug|Any CPU.ActiveCfg = Debug|Any CPU
		{DF4D99F1-8B98-4B79-8B5D-A5EA5C737F58}.Debug|Any CPU.Build.0 = Debug|Any CPU
		{DF4D99F1-8B98-4B79-8B5D-A5EA5C737F58}.Release|Any CPU.ActiveCfg = Release|Any CPU
		{DF4D99F1-8B98-4B79-8B5D-A5EA5C737F58}.Release|Any CPU.Build.0 = Release|Any CPU
	EndGlobalSection
	GlobalSection(SolutionProperties) = preSolution
		HideSolutionNode = FALSE
	EndGlobalSection
	GlobalSection(ExtensibilityGlobals) = postSolution
		SolutionGuid = {8A07D22E-EC9A-4E08-AB0C-AF7E7B64D019}
	EndGlobalSection
EndGlobal
