
Microsoft Visual Studio Solution File, Format Version 12.00
# Visual Studio Version 16
VisualStudioVersion = 16.0.29409.12
MinimumVisualStudioVersion = 10.0.40219.1
Project("{FAE04EC0-301F-11D3-BF4B-00C04F79EFBC}") = "HelseId.Core.MVCHybrid.ClientAuthentication.Sample", "HelseId.Core.MVCHybrid.ClientAuthentication.Sample.csproj", "{90FF2F43-E628-4DC1-8F25-7150956357E6}"
EndProject
Global
	GlobalSection(SolutionConfigurationPlatforms) = preSolution
		Debug|Any CPU = Debug|Any CPU
		Release|Any CPU = Release|Any CPU
	EndGlobalSection
	GlobalSection(ProjectConfigurationPlatforms) = postSolution
		{90FF2F43-E628-4DC1-8F25-7150956357E6}.Debug|Any CPU.ActiveCfg = Debug|Any CPU
		{90FF2F43-E628-4DC1-8F25-7150956357E6}.Debug|Any CPU.Build.0 = Debug|Any CPU
		{90FF2F43-E628-4DC1-8F25-7150956357E6}.Release|Any CPU.ActiveCfg = Release|Any CPU
		{90FF2F43-E628-4DC1-8F25-7150956357E6}.Release|Any CPU.Build.0 = Release|Any CPU
	EndGlobalSection
	GlobalSection(SolutionProperties) = preSolution
		HideSolutionNode = FALSE
	EndGlobalSection
	GlobalSection(ExtensibilityGlobals) = postSolution
		SolutionGuid = {D2748DAA-55C5-4826-917F-791B319A7AE6}
	EndGlobalSection
EndGlobal
