
Microsoft Visual Studio Solution File, Format Version 12.00
# Visual Studio Version 16
VisualStudioVersion = 16.0.29411.108
MinimumVisualStudioVersion = 10.0.40219.1
Project("{FAE04EC0-301F-11D3-BF4B-00C04F79EFBC}") = "HelseId.Core.MVCHybrid.API.Sample", "HelseId.Core.MVCHybrid.API.Sample.csproj", "{80DCF3AB-423F-4D2E-819C-8AE80910D330}"
EndProject
Global
	GlobalSection(SolutionConfigurationPlatforms) = preSolution
		Debug|Any CPU = Debug|Any CPU
		Release|Any CPU = Release|Any CPU
	EndGlobalSection
	GlobalSection(ProjectConfigurationPlatforms) = postSolution
		{80DCF3AB-423F-4D2E-819C-8AE80910D330}.Debug|Any CPU.ActiveCfg = Debug|Any CPU
		{80DCF3AB-423F-4D2E-819C-8AE80910D330}.Debug|Any CPU.Build.0 = Debug|Any CPU
		{80DCF3AB-423F-4D2E-819C-8AE80910D330}.Release|Any CPU.ActiveCfg = Release|Any CPU
		{80DCF3AB-423F-4D2E-819C-8AE80910D330}.Release|Any CPU.Build.0 = Release|Any CPU
	EndGlobalSection
	GlobalSection(SolutionProperties) = preSolution
		HideSolutionNode = FALSE
	EndGlobalSection
	GlobalSection(ExtensibilityGlobals) = postSolution
		SolutionGuid = {8BDF4AC2-7A53-4A91-8DFB-2B3902734BE0}
	EndGlobalSection
EndGlobal
