
Microsoft Visual Studio Solution File, Format Version 12.00
# Visual Studio Version 16
VisualStudioVersion = 16.0.31613.86
MinimumVisualStudioVersion = 10.0.40219.1
Project("{9A19103F-16F7-4668-BE54-9A1E7A4F7556}") = "HelseId.ClientAuthentication", "HelseId.ClientAuthentication.csproj", "{80DD1D62-C43A-4471-97D7-1BF21633E795}"
EndProject
Global
	GlobalSection(SolutionConfigurationPlatforms) = preSolution
		Debug|Any CPU = Debug|Any CPU
		Release|Any CPU = Release|Any CPU
	EndGlobalSection
	GlobalSection(ProjectConfigurationPlatforms) = postSolution
		{80DD1D62-C43A-4471-97D7-1BF21633E795}.Debug|Any CPU.ActiveCfg = Debug|Any CPU
		{80DD1D62-C43A-4471-97D7-1BF21633E795}.Debug|Any CPU.Build.0 = Debug|Any CPU
		{80DD1D62-C43A-4471-97D7-1BF21633E795}.Release|Any CPU.ActiveCfg = Release|Any CPU
		{80DD1D62-C43A-4471-97D7-1BF21633E795}.Release|Any CPU.Build.0 = Release|Any CPU
	EndGlobalSection
	GlobalSection(SolutionProperties) = preSolution
		HideSolutionNode = FALSE
	EndGlobalSection
	GlobalSection(ExtensibilityGlobals) = postSolution
		SolutionGuid = {3E7F9BC2-84ED-4EA4-A5E1-467404A6D6C9}
	EndGlobalSection
EndGlobal
