
Microsoft Visual Studio Solution File, Format Version 12.00
# Visual Studio Version 16
VisualStudioVersion = 16.0.29411.108
MinimumVisualStudioVersion = 10.0.40219.1
Project("{FAE04EC0-301F-11D3-BF4B-00C04F79EFBC}") = "HelseId.Core.MVCHybrid.ClientAuthenticationAPIAccessNewToken.Sample", "HelseId.Core.MVCHybrid.ClientAuthenticationAPIAccessNewToken.Sample.csproj", "{2C26734F-ABF1-4A13-8E5A-D66D0E645A09}"
EndProject
Global
	GlobalSection(SolutionConfigurationPlatforms) = preSolution
		Debug|Any CPU = Debug|Any CPU
		Release|Any CPU = Release|Any CPU
	EndGlobalSection
	GlobalSection(ProjectConfigurationPlatforms) = postSolution
		{2C26734F-ABF1-4A13-8E5A-D66D0E645A09}.Debug|Any CPU.ActiveCfg = Debug|Any CPU
		{2C26734F-ABF1-4A13-8E5A-D66D0E645A09}.Debug|Any CPU.Build.0 = Debug|Any CPU
		{2C26734F-ABF1-4A13-8E5A-D66D0E645A09}.Release|Any CPU.ActiveCfg = Release|Any CPU
		{2C26734F-ABF1-4A13-8E5A-D66D0E645A09}.Release|Any CPU.Build.0 = Release|Any CPU
	EndGlobalSection
	GlobalSection(SolutionProperties) = preSolution
		HideSolutionNode = FALSE
	EndGlobalSection
	GlobalSection(ExtensibilityGlobals) = postSolution
		SolutionGuid = {4AFAF014-DEB8-4526-8731-E221D565A739}
	EndGlobalSection
EndGlobal
